<?xml version="1.0" encoding="utf-8"?>
<Project ToolsVersion="4.0" xmlns="http://schemas.microsoft.com/developer/msbuild/2003">
  <ItemGroup>
    <Filter Include="소스 파일">
      <UniqueIdentifier>{4FC737F1-C7A5-4376-A066-2A32D752A2FF}</UniqueIdentifier>
      <Extensions>cpp;c;cc;cxx;def;odl;idl;hpj;bat;asm;asmx</Extensions>
    </Filter>
    <Filter Include="헤더 파일">
      <UniqueIdentifier>{93995380-89BD-4b04-88EB-625FBE52EBFB}</UniqueIdentifier>
      <Extensions>h;hh;hpp;hxx;hm;inl;inc;ipp;xsd</Extensions>
    </Filter>
    <Filter Include="리소스 파일">
      <UniqueIdentifier>{67DA6AB6-F800-4c08-8B7A-83BB121AAD01}</UniqueIdentifier>
      <Extensions>rc;ico;cur;bmp;dlg;rc2;rct;bin;rgs;gif;jpg;jpeg;jpe;resx;tiff;tif;png;wav;mfcribbon-ms</Extensions>
    </Filter>
    <Filter Include="소스 파일\Core">
      <UniqueIdentifier>{0b918c04-c146-4076-bc22-b5437d2c98bd}</UniqueIdentifier>
    </Filter>
    <Filter Include="소스 파일\HomeStreetInvader">
      <UniqueIdentifier>{c45798fc-350c-44e5-90c1-2b6d7cb49ebf}</UniqueIdentifier>
    </Filter>
  </ItemGroup>
  <ItemGroup>
    <ClCompile Include="Core\AABBCollider.cpp">
      <Filter>소스 파일\Core</Filter>
    </ClCompile>
    <ClCompile Include="Core\Animation.cpp">
      <Filter>소스 파일\Core</Filter>
    </ClCompile>
    <ClCompile Include="Core\AnimationData.cpp">
      <Filter>소스 파일\Core</Filter>
    </ClCompile>
    <ClCompile Include="Core\AnimationRenderer.cpp">
      <Filter>소스 파일\Core</Filter>
    </ClCompile>
    <ClCompile Include="Core\Audio.cpp">
      <Filter>소스 파일\Core</Filter>
    </ClCompile>
    <ClCompile Include="Core\CircleCollider.cpp">
      <Filter>소스 파일\Core</Filter>
    </ClCompile>
    <ClCompile Include="Core\Collider.cpp">
      <Filter>소스 파일\Core</Filter>
    </ClCompile>
    <ClCompile Include="Core\Collision.cpp">
      <Filter>소스 파일\Core</Filter>
    </ClCompile>
    <ClCompile Include="Core\Component.cpp">
      <Filter>소스 파일\Core</Filter>
    </ClCompile>
    <ClCompile Include="Core\D2DApp.cpp">
      <Filter>소스 파일\Core</Filter>
    </ClCompile>
    <ClCompile Include="Core\Framework.cpp">
      <Filter>소스 파일\Core</Filter>
    </ClCompile>
    <ClCompile Include="Core\GameObject.cpp">
      <Filter>소스 파일\Core</Filter>
    </ClCompile>
    <ClCompile Include="Core\InputManager.cpp">
      <Filter>소스 파일\Core</Filter>
    </ClCompile>
    <ClCompile Include="Core\ListAnimation.cpp">
      <Filter>소스 파일\Core</Filter>
    </ClCompile>
    <ClCompile Include="Core\Renderer.cpp">
      <Filter>소스 파일\Core</Filter>
    </ClCompile>
    <ClCompile Include="Core\ResourceManager.cpp">
      <Filter>소스 파일\Core</Filter>
    </ClCompile>
    <ClCompile Include="Core\Scene.cpp">
      <Filter>소스 파일\Core</Filter>
    </ClCompile>
    <ClCompile Include="Core\SheetAnimation.cpp">
      <Filter>소스 파일\Core</Filter>
    </ClCompile>
    <ClCompile Include="Core\SoundEvent.cpp">
      <Filter>소스 파일\Core</Filter>
    </ClCompile>
    <ClCompile Include="Core\TimeManager.cpp">
      <Filter>소스 파일\Core</Filter>
    </ClCompile>
    <ClCompile Include="Core\Transform.cpp">
      <Filter>소스 파일\Core</Filter>
    </ClCompile>
    <ClCompile Include="Core\WinApp.cpp">
      <Filter>소스 파일\Core</Filter>
    </ClCompile>
    <ClCompile Include="SplashLevel.cpp">
      <Filter>소스 파일\HomeStreetInvader</Filter>
    </ClCompile>
    <ClCompile Include="HomeStreetInvaderLogo.cpp">
      <Filter>소스 파일\HomeStreetInvader</Filter>
    </ClCompile>
    <ClCompile Include="HomeStreetInvader.cpp">
      <Filter>소스 파일</Filter>
    </ClCompile>
    <ClCompile Include="LobbyLevel.cpp">
      <Filter>소스 파일\HomeStreetInvader</Filter>
    </ClCompile>
    <ClCompile Include="BackgroundActor.cpp">
      <Filter>소스 파일\HomeStreetInvader</Filter>
    </ClCompile>
    <ClCompile Include="Invader.cpp">
      <Filter>소스 파일\HomeStreetInvader</Filter>
    </ClCompile>
    <ClCompile Include="PressAnyKeyToStart.cpp">
      <Filter>소스 파일\HomeStreetInvader</Filter>
    </ClCompile>
    <ClCompile Include="GameLevel.cpp">
      <Filter>소스 파일\HomeStreetInvader</Filter>
    </ClCompile>
    <ClCompile Include="NepPlayer.cpp">
      <Filter>소스 파일\HomeStreetInvader</Filter>
    </ClCompile>
    <ClCompile Include="Pencil.cpp">
      <Filter>소스 파일\HomeStreetInvader</Filter>
    </ClCompile>
    <ClCompile Include="TextBook.cpp">
      <Filter>소스 파일\HomeStreetInvader</Filter>
    </ClCompile>
    <ClCompile Include="GameOverLevel.cpp">
      <Filter>소스 파일\HomeStreetInvader</Filter>
    </ClCompile>
    <ClCompile Include="Core\FontRenderer.cpp">
      <Filter>소스 파일\Core</Filter>
    </ClCompile>
    <ClCompile Include="Core\FontObject.cpp">
      <Filter>소스 파일\Core</Filter>
    </ClCompile>
    <ClCompile Include="Core\Font.cpp">
      <Filter>소스 파일\Core</Filter>
    </ClCompile>
    <ClCompile Include="YouDieBackgroundActor.cpp">
      <Filter>소스 파일\HomeStreetInvader</Filter>
    </ClCompile>
    <ClCompile Include="ScoreFontView.cpp">
      <Filter>소스 파일\HomeStreetInvader</Filter>
    </ClCompile>
  </ItemGroup>
  <ItemGroup>
    <ClInclude Include="Core\AABBCollider.h">
      <Filter>헤더 파일</Filter>
    </ClInclude>
    <ClInclude Include="Core\Animation.h">
      <Filter>헤더 파일</Filter>
    </ClInclude>
    <ClInclude Include="Core\AnimationRenderer.h">
      <Filter>헤더 파일</Filter>
    </ClInclude>
    <ClInclude Include="Core\Audio.h">
      <Filter>헤더 파일</Filter>
    </ClInclude>
    <ClInclude Include="Core\CircleCollider.h">
      <Filter>헤더 파일</Filter>
    </ClInclude>
    <ClInclude Include="Core\Collider.h">
      <Filter>헤더 파일</Filter>
    </ClInclude>
    <ClInclude Include="Core\Collision.h">
      <Filter>헤더 파일</Filter>
    </ClInclude>
    <ClInclude Include="Core\Component.h">
      <Filter>헤더 파일</Filter>
    </ClInclude>
    <ClInclude Include="Core\D2DApp.h">
      <Filter>헤더 파일</Filter>
    </ClInclude>
    <ClInclude Include="Core\Framework.h">
      <Filter>헤더 파일</Filter>
    </ClInclude>
    <ClInclude Include="Core\GameObject.h">
      <Filter>헤더 파일</Filter>
    </ClInclude>
    <ClInclude Include="Core\InputManager.h">
      <Filter>헤더 파일</Filter>
    </ClInclude>
    <ClInclude Include="Core\ListAnimation.h">
      <Filter>헤더 파일</Filter>
    </ClInclude>
    <ClInclude Include="Core\Math.h">
      <Filter>헤더 파일</Filter>
    </ClInclude>
    <ClInclude Include="Core\Renderer.h">
      <Filter>헤더 파일</Filter>
    </ClInclude>
    <ClInclude Include="Core\ResourceManager.h">
      <Filter>헤더 파일</Filter>
    </ClInclude>
    <ClInclude Include="Core\Scene.h">
      <Filter>헤더 파일</Filter>
    </ClInclude>
    <ClInclude Include="Core\SheetAnimation.h">
      <Filter>헤더 파일</Filter>
    </ClInclude>
    <ClInclude Include="Core\SoundEvent.h">
      <Filter>헤더 파일</Filter>
    </ClInclude>
    <ClInclude Include="Core\stdafx.h">
      <Filter>헤더 파일</Filter>
    </ClInclude>
    <ClInclude Include="Core\TimeManager.h">
      <Filter>헤더 파일</Filter>
    </ClInclude>
    <ClInclude Include="Core\Transform.h">
      <Filter>헤더 파일</Filter>
    </ClInclude>
    <ClInclude Include="Core\WinApp.h">
      <Filter>헤더 파일</Filter>
    </ClInclude>
    <ClInclude Include="SplashLevel.h">
      <Filter>헤더 파일</Filter>
    </ClInclude>
    <ClInclude Include="HomeStreetInvaderLogo.h">
      <Filter>헤더 파일</Filter>
    </ClInclude>
    <ClInclude Include="LobbyLevel.h">
      <Filter>헤더 파일</Filter>
    </ClInclude>
    <ClInclude Include="BackgroundActor.h">
      <Filter>헤더 파일</Filter>
    </ClInclude>
    <ClInclude Include="Invader.h">
      <Filter>헤더 파일</Filter>
    </ClInclude>
    <ClInclude Include="PressAnyKeyToStart.h">
      <Filter>헤더 파일</Filter>
    </ClInclude>
    <ClInclude Include="GameLevel.h">
      <Filter>헤더 파일</Filter>
    </ClInclude>
    <ClInclude Include="NepPlayer.h">
      <Filter>헤더 파일</Filter>
    </ClInclude>
    <ClInclude Include="TextBook.h">
      <Filter>헤더 파일</Filter>
    </ClInclude>
    <ClInclude Include="Pencil.h">
      <Filter>헤더 파일</Filter>
    </ClInclude>
    <ClInclude Include="GameOverLevel.h">
      <Filter>헤더 파일</Filter>
    </ClInclude>
    <ClInclude Include="YouDieBackgroundActor.h">
      <Filter>헤더 파일</Filter>
    </ClInclude>
    <ClInclude Include="Core\Font.h">
      <Filter>헤더 파일</Filter>
    </ClInclude>
    <ClInclude Include="Core\FontObject.h">
      <Filter>헤더 파일</Filter>
    </ClInclude>
    <ClInclude Include="Core\FontRenderer.h">
      <Filter>헤더 파일</Filter>
    </ClInclude>
    <ClInclude Include="ScoreFontView.h">
      <Filter>헤더 파일</Filter>
    </ClInclude>
  </ItemGroup>
  <ItemGroup>
    <None Include="Core\Math.inl">
      <Filter>소스 파일\Core</Filter>
    </None>
  </ItemGroup>
</Project>